{
  "version": "2",
  "remote": {
    "https://esm.sh/octokit@3.0.0?dts": "026267734de4328f51e1b1c74317fbcc59fb5f3a3fdae2fb7c7a7b91d77a1725",
    "https://esm.sh/v128/@octokit/app@14.0.0/denonext/app.mjs": "86babd6024a81b9cfeaa00a2e66e56a10bac544ce825f404bc6920cc94a0b92a",
    "https://esm.sh/v128/@octokit/app@14.0.0/dist-types/index.d.ts": "343549f9d778a331876bea788b5e731a8ab3a40add46caaa23a2dabcc888e15b",
    "https://esm.sh/v128/@octokit/app@14.0.0/dist-types/middleware/node/index.d.ts": "6b8bfd4c83f294a60f794856ff01cb39026bd31e4c6962df92aac3bae387961e",
    "https://esm.sh/v128/@octokit/app@14.0.0/dist-types/types.d.ts": "5c10c4d751e2de1c2c5c30726202aed45f721112f3cc6c2d7b7ec847b2a93531",
    "https://esm.sh/v128/@octokit/auth-app@6.0.0/denonext/auth-app.mjs": "c1dafd5c660596fe7c74d4ac06308828256a1555f5cf9e9b81feaddcce3f1776",
    "https://esm.sh/v128/@octokit/auth-oauth-app@7.0.0/denonext/auth-oauth-app.mjs": "7b02beadfe17d45df05123d44e42db584e3ec5ac5850e01fa6809ac2fea63fdb",
    "https://esm.sh/v128/@octokit/auth-oauth-app@7.0.0/dist-types/index.d.ts": "a0d13f3ade2f490a9605431d686719e2dfa7623553c54a8da8b394a05297a4ed",
    "https://esm.sh/v128/@octokit/auth-oauth-app@7.0.0/dist-types/types.d.ts": "cf75cc31ec4d216d606fae2ddfc040cd8789ca88ee37d8c45d51ba622306ccae",
    "https://esm.sh/v128/@octokit/auth-oauth-device@6.0.0/denonext/auth-oauth-device.mjs": "fb7d02ec8f2fcf1b14757e4a50be2535e987932d1993e9afdcee69cc4e4acb3d",
    "https://esm.sh/v128/@octokit/auth-oauth-device@6.0.0/dist-types/index.d.ts": "c3531a6588700ae5e47a0b326b73fd1305d5ef1439683cb1ea0d7c2b82d3cefb",
    "https://esm.sh/v128/@octokit/auth-oauth-device@6.0.0/dist-types/types.d.ts": "1575124c68b2bc19769beaf85fabe3e672f75316fb0b6f0d95ee73926bf87930",
    "https://esm.sh/v128/@octokit/auth-oauth-user@4.0.0/denonext/auth-oauth-user.mjs": "40d0d3d0286af54793238e8a7489c276479357d611486f797e9e47086b110fed",
    "https://esm.sh/v128/@octokit/auth-oauth-user@4.0.0/dist-types/index.d.ts": "db2564cae068b75fc3da6638566fb9e697d203e6f4ef58e5f78667e057aa0873",
    "https://esm.sh/v128/@octokit/auth-oauth-user@4.0.0/dist-types/requires-basic-auth.d.ts": "2d0cef1e8f2d8d9f25cf1813dd3d796877916345449fbc58bbb6038104d49989",
    "https://esm.sh/v128/@octokit/auth-oauth-user@4.0.0/dist-types/types.d.ts": "a8c6791f534644cffadc8d3edf17afd7e75a45864d96d1da67d1b2660a9332f0",
    "https://esm.sh/v128/@octokit/auth-token@4.0.0/denonext/auth-token.mjs": "ab9285959f2bc3ca7942bfb81df3e2f15f5895c829455156647faa403b75703b",
    "https://esm.sh/v128/@octokit/auth-unauthenticated@5.0.0/denonext/auth-unauthenticated.mjs": "5c2690a2af409c0e9abe13b6188fee74bd157f787ebbe8d2377813b696b2a74e",
    "https://esm.sh/v128/@octokit/core@5.0.0/denonext/core.mjs": "3ec07aa027c3c0acae91569a2533ac6f8d63f491899ea046597b4709b6992b13",
    "https://esm.sh/v128/@octokit/core@5.0.0/dist-types/index.d.ts": "e05825d3dab205fdebf40e3e74ca0be89fe6dbca0c8be4a8f785ba962b0721d4",
    "https://esm.sh/v128/@octokit/core@5.0.0/dist-types/types.d.ts": "be65842ec73d2f9ae461672e11156a4b02387970e341b8ee14ec0a6313bf29a1",
    "https://esm.sh/v128/@octokit/endpoint@9.0.0/denonext/endpoint.mjs": "888098798252ffec0f087aeaf6db0480f234a274cae183ceee48c3899a4fbd6e",
    "https://esm.sh/v128/@octokit/graphql@7.0.1/denonext/graphql.mjs": "f1307d81fe7ad46c67466f912ac821e12bdb589f5d18fe57f0f3fd6148fa85a8",
    "https://esm.sh/v128/@octokit/graphql@7.0.1/dist-types/error.d.ts": "506435253a4893556b96800322f0b767c764692f25e227917c5d5018e3c8373c",
    "https://esm.sh/v128/@octokit/graphql@7.0.1/dist-types/index.d.ts": "88d7db90e5176b519a6e68734da8fa4e68e414c9c2ae9de155835311c471bc5d",
    "https://esm.sh/v128/@octokit/graphql@7.0.1/dist-types/types.d.ts": "ea2bef524fdefb48b0f270998e4f6b15f819d6e81cd3ef97a6f7dde9ec90968e",
    "https://esm.sh/v128/@octokit/oauth-app@6.0.0/denonext/oauth-app.mjs": "6b5d02097e631768b9898d7767189971bb632982c07de68b27958c28a16a0da7",
    "https://esm.sh/v128/@octokit/oauth-app@6.0.0/dist-types/index.d.ts": "8b035ab9d01c265b51acc7f87efeaa8b23e2df8705f43ab22a9490c6e0d10f4c",
    "https://esm.sh/v128/@octokit/oauth-app@6.0.0/dist-types/methods/check-token.d.ts": "02e4f7465fbed30112b07cd4b9ad3c841fc7395c4133109973b70c7b9468b265",
    "https://esm.sh/v128/@octokit/oauth-app@6.0.0/dist-types/methods/create-token.d.ts": "1d3a7b4aca806438e85754592397d5de07c2bf550815f804d0c1469e8122776c",
    "https://esm.sh/v128/@octokit/oauth-app@6.0.0/dist-types/methods/delete-authorization.d.ts": "7fae0b8f3db264b032f9be4e0e2ed0939f54a37e2b2fd1d6a02d290e7ce50434",
    "https://esm.sh/v128/@octokit/oauth-app@6.0.0/dist-types/methods/delete-token.d.ts": "eb09297794a25e95320385a1bdb9df86ccd4fea785e2caa6ac2482b2891ef927",
    "https://esm.sh/v128/@octokit/oauth-app@6.0.0/dist-types/methods/get-user-octokit.d.ts": "e20799f7af7d9cf56ec125d6043161bc7530247fb5690a993627c6cf2312e3cc",
    "https://esm.sh/v128/@octokit/oauth-app@6.0.0/dist-types/methods/get-web-flow-authorization-url.d.ts": "155776afa40dfb0469f1a48810c9e7d1c4eb0b17013be39f1e742e199a033c35",
    "https://esm.sh/v128/@octokit/oauth-app@6.0.0/dist-types/methods/refresh-token.d.ts": "d237b0fbe44fffe2c09ecc70e4f87ab09baef6fc78f667d5648661d174d12e8a",
    "https://esm.sh/v128/@octokit/oauth-app@6.0.0/dist-types/methods/reset-token.d.ts": "bf9e836843fc2ad119c2c0e8ab70f4e53603eff8d5b210f45f0eb4af0a011770",
    "https://esm.sh/v128/@octokit/oauth-app@6.0.0/dist-types/methods/scope-token.d.ts": "747553c387f25e6b50bf0fa0f435090327382b8692edc7eb85e9b886d8be6e65",
    "https://esm.sh/v128/@octokit/oauth-app@6.0.0/dist-types/middleware/aws-lambda/api-gateway-v2.d.ts": "747f3521b2649de9774ba46ccd5e9b4a0185306dbaf12db3040f0c9e7567f0c8",
    "https://esm.sh/v128/@octokit/oauth-app@6.0.0/dist-types/middleware/handle-request.d.ts": "7fa48b1c1a42832d3ed3c5d4429e2018ced00529007195f03c611b7d5b7cc8a9",
    "https://esm.sh/v128/@octokit/oauth-app@6.0.0/dist-types/middleware/node/index.d.ts": "07778a0a9e76ed4cf3833c0686b3ceb6d8cfa10a720ffd94c878c92ab85824ff",
    "https://esm.sh/v128/@octokit/oauth-app@6.0.0/dist-types/middleware/node/send-response.d.ts": "2cfeee7dd3a463f5747a487edb9a55f48d8dcdfe5aff1e1bfa08efcbf07369f2",
    "https://esm.sh/v128/@octokit/oauth-app@6.0.0/dist-types/middleware/types.d.ts": "b31873f61f336722bac5e715494d2d188cd396ff16a1846d66414429dadaa9c7",
    "https://esm.sh/v128/@octokit/oauth-app@6.0.0/dist-types/middleware/unknown-route-response.d.ts": "2d7d28a85951f28a462b7c8cfee5cec669a3c7ec85489907790c65727890db70",
    "https://esm.sh/v128/@octokit/oauth-app@6.0.0/dist-types/middleware/web-worker/index.d.ts": "8ae42d7872db48656b5bcf816f1d2b49aae015bd9d081b959a6c0e0c099a9eb3",
    "https://esm.sh/v128/@octokit/oauth-app@6.0.0/dist-types/oauth-app-octokit.d.ts": "93fae52faa24342d8f9390040868dcdbaff5db27b041157084bef8c0f102b175",
    "https://esm.sh/v128/@octokit/oauth-app@6.0.0/dist-types/types.d.ts": "ec21b6626080b59670248818a55cbabcaa0333479569a3bb61d3af43a759e2cd",
    "https://esm.sh/v128/@octokit/oauth-authorization-url@6.0.2/denonext/oauth-authorization-url.mjs": "c4a3809c1092ab4135bbb65ba82e885b915a3e0b68e8c9554c98766388baa399",
    "https://esm.sh/v128/@octokit/oauth-authorization-url@6.0.2/dist-types/index.d.ts": "544af771932cb2bee11f02fde9e35ec936c4d1b982cc3f917b15190d17fcd4ea",
    "https://esm.sh/v128/@octokit/oauth-authorization-url@6.0.2/dist-types/types.d.ts": "7e41e20b827c3bee1d8c0da989753c1ab69714265d7dc799020106328a746bfb",
    "https://esm.sh/v128/@octokit/oauth-methods@4.0.0/denonext/oauth-methods.mjs": "941d4ebd12593600ec95aa46b90413ce07415e98f13815cf4b997ba4760286ba",
    "https://esm.sh/v128/@octokit/oauth-methods@4.0.0/dist-types/check-token.d.ts": "de65ab9cd9870ad84055e5ec25a122238886310b8b0e6c92b8026e15aec73bb5",
    "https://esm.sh/v128/@octokit/oauth-methods@4.0.0/dist-types/create-device-code.d.ts": "e7d4208a5ab8e5898e13e8dc74d3b99eda385dda08569e7cc11f752403d9c058",
    "https://esm.sh/v128/@octokit/oauth-methods@4.0.0/dist-types/delete-authorization.d.ts": "9f0f6ad7d9cdd3c1eb4f5df5bd28b71eeb4feaa0ecba04764a86051c6d3bbd6e",
    "https://esm.sh/v128/@octokit/oauth-methods@4.0.0/dist-types/delete-token.d.ts": "7124c7cdee9301a2bacb39393da092fc01ad3429f4961ad5ff5fae995286c116",
    "https://esm.sh/v128/@octokit/oauth-methods@4.0.0/dist-types/exchange-device-code.d.ts": "9aa0c4a1954dd6a9de1d5c35f6c42a85d5273fb269a3acdebd2b386bdc2f0a2a",
    "https://esm.sh/v128/@octokit/oauth-methods@4.0.0/dist-types/exchange-web-flow-code.d.ts": "d117cf775ec025a9bd5e61967c1d2c78905af44b4d6bc4feadcfebf3d23fbd77",
    "https://esm.sh/v128/@octokit/oauth-methods@4.0.0/dist-types/get-web-flow-authorization-url.d.ts": "888129da521022edfd5094aa876f874ce1d2bd6e7527a18382bf99edf9c1076a",
    "https://esm.sh/v128/@octokit/oauth-methods@4.0.0/dist-types/index.d.ts": "e974f472f04906c34843dac06eda49f5a89fc8241f29dcba211399d78419e079",
    "https://esm.sh/v128/@octokit/oauth-methods@4.0.0/dist-types/refresh-token.d.ts": "6418dcb52623d2dfda5b0057a0ff87a250a372b6ad755fefca52c9f86670ade6",
    "https://esm.sh/v128/@octokit/oauth-methods@4.0.0/dist-types/reset-token.d.ts": "8e22b2f1270c25299c3a15929d2fc19e2648e047cda37ad0ce8c769645861c1a",
    "https://esm.sh/v128/@octokit/oauth-methods@4.0.0/dist-types/scope-token.d.ts": "1f70a435b52c0b6fbcc36dae416acf3057a6bdc79b31f9b8ac22cb4d368d5a2d",
    "https://esm.sh/v128/@octokit/oauth-methods@4.0.0/dist-types/types.d.ts": "c6a9669d9599e3e5d40c8ef637963c5fa3e3b23620561062c0567da2f3661b5e",
    "https://esm.sh/v128/@octokit/oauth-methods@4.0.0/dist-types/version.d.ts": "df711eb6c634fe6755e97560923df73c254b22b4f3ef0c19ac32d6c3029e6174",
    "https://esm.sh/v128/@octokit/openapi-types@18.0.0/types.d.ts": "64fc33ce3de7268b833fb2c72ac794dad753c1a9017fedf335f92c2e96c52bb4",
    "https://esm.sh/v128/@octokit/plugin-paginate-rest@8.0.0/denonext/plugin-paginate-rest.mjs": "8ed6e17dcb65d460c99fe3c3133c20b566fa2c7c4aedcf931e795ea2ca46e24f",
    "https://esm.sh/v128/@octokit/plugin-paginate-rest@8.0.0/dist-types/compose-paginate.d.ts": "b3f342605d220647d7d9324188c8a85a94be4dbc61a0e85402db01a5326f6c10",
    "https://esm.sh/v128/@octokit/plugin-paginate-rest@8.0.0/dist-types/generated/paginating-endpoints.d.ts": "2a7066c7bc2e4d60f5dd5c636c563d1991cc78b24d9cad6310310ab9765364a3",
    "https://esm.sh/v128/@octokit/plugin-paginate-rest@8.0.0/dist-types/index.d.ts": "1cec57755ab2fe7e31e2d63d7e37a6eceea72e482153525c0f8b919c3df8774b",
    "https://esm.sh/v128/@octokit/plugin-paginate-rest@8.0.0/dist-types/paginating-endpoints.d.ts": "e5ee9572e7863204b3ab2fbb147f6b258b592ba1a75e6f1497687570af82b47b",
    "https://esm.sh/v128/@octokit/plugin-paginate-rest@8.0.0/dist-types/types.d.ts": "bef61922d0ff922ca9bee4f1a1589f133909f63c076ee2a83fce6ed93782dbd4",
    "https://esm.sh/v128/@octokit/plugin-rest-endpoint-methods@9.0.0/denonext/plugin-rest-endpoint-methods.mjs": "84a5baa44ee16c3ffe9347291fbc106aefa5e57c48b31eacf6bb0ca60b7ad5cd",
    "https://esm.sh/v128/@octokit/plugin-rest-endpoint-methods@9.0.0/dist-types/generated/method-types.d.ts": "69588ab5ff44a4237f77bb7fcced9da71f61fa80e8eb3a6b06d753d2684135aa",
    "https://esm.sh/v128/@octokit/plugin-rest-endpoint-methods@9.0.0/dist-types/generated/parameters-and-response-types.d.ts": "d86dcb14f300347934fb5e25d1db5243c9a2629a06e4570eb4ba5a1014939498",
    "https://esm.sh/v128/@octokit/plugin-rest-endpoint-methods@9.0.0/dist-types/types.d.ts": "d0661d9b0aed2168583cca157b38952fd53db2e2e4aa30817279776db125fd9d",
    "https://esm.sh/v128/@octokit/plugin-retry@6.0.0/denonext/plugin-retry.mjs": "191c00d73dbe15cb1a897bb83608fb94d043446fc7c8a7e97dbbe80e00dc0e58",
    "https://esm.sh/v128/@octokit/plugin-throttling@7.0.0/denonext/plugin-throttling.mjs": "2a21f9bbab5e3c7138c90492ade9108b33079a7cbb3fc15ff71469e534bae18b",
    "https://esm.sh/v128/@octokit/request-error@5.0.0/denonext/request-error.mjs": "9bd3538d4ba7f33a8311b12b212f11ed991ed5aefb37e6b5731ad0ca16693b46",
    "https://esm.sh/v128/@octokit/request-error@5.0.0/dist-types/index.d.ts": "7e70a1629d08c72b60f99de459e08052700c77bd0150ac8a26c4a00904ba3bfe",
    "https://esm.sh/v128/@octokit/request-error@5.0.0/dist-types/types.d.ts": "a09930050a04a67eb7f3a9ba44178614c3f95e73ec7f51c3f4a83e135ba13594",
    "https://esm.sh/v128/@octokit/request@8.0.4/denonext/request.mjs": "d4296e1e1289c68ca79943695e25d924ce1a440ab2da8e94016f6cde4dfe1ca0",
    "https://esm.sh/v128/@octokit/request@8.0.4/dist-types/index.d.ts": "a2a80bcfc66caa55e4e510f146d3667f61624894d9e91d767da12a1fea6dab03",
    "https://esm.sh/v128/@octokit/types@11.0.0/dist-types/AuthInterface.d.ts": "9eb142fc2495830bf947f9db646f49f34aa2099356880805fb9f5fcd0829be33",
    "https://esm.sh/v128/@octokit/types@11.0.0/dist-types/EndpointDefaults.d.ts": "66df96ddc6b7dccdbe0feef433a84faaf1381db8978c537e4c39b5ff5916d1c4",
    "https://esm.sh/v128/@octokit/types@11.0.0/dist-types/EndpointInterface.d.ts": "a05c26c15463a63c148a3da6b1b0aedb1e126181a8ef858303536bd454a1c02e",
    "https://esm.sh/v128/@octokit/types@11.0.0/dist-types/EndpointOptions.d.ts": "46a04d2a3382cbb7d6e69b157a0fc4a560d90ec897693774b2666a54d1d99327",
    "https://esm.sh/v128/@octokit/types@11.0.0/dist-types/Fetch.d.ts": "45d8db9ee4ddbc94861cf9192b30305ba7d72aea6a593961b17e7152c5916bd0",
    "https://esm.sh/v128/@octokit/types@11.0.0/dist-types/GetResponseTypeFromEndpointMethod.d.ts": "a4c07340daf98bb36410874a47a9c6f8de19fa54b015505f173bffb802fd110a",
    "https://esm.sh/v128/@octokit/types@11.0.0/dist-types/OctokitResponse.d.ts": "c41636156594d0150e7161757d63d64f13283ad966a4d5af5bab9dac557056ce",
    "https://esm.sh/v128/@octokit/types@11.0.0/dist-types/RequestError.d.ts": "b6f2a56a96124f9d919e98532b4d0299d1c0798881bc30da196845d4f0d9a374",
    "https://esm.sh/v128/@octokit/types@11.0.0/dist-types/RequestHeaders.d.ts": "5da94e87e7ddce31c028d6b1211c5c4e9b5b82e5a4b5caeb6cf7c5d071d6e0f3",
    "https://esm.sh/v128/@octokit/types@11.0.0/dist-types/RequestInterface.d.ts": "0689dc02768875ad7043fc36d8e4987385177dfe095f88938d1578d99843a32e",
    "https://esm.sh/v128/@octokit/types@11.0.0/dist-types/RequestMethod.d.ts": "1257ee54981d320653568ebc2bd84cf1ef6ccd42c6fb301a76b1faf87a54dbd5",
    "https://esm.sh/v128/@octokit/types@11.0.0/dist-types/RequestOptions.d.ts": "ebe98129b180b4ca2784fa7850a9470559cdcef43d53cf86c1c0b18695140d63",
    "https://esm.sh/v128/@octokit/types@11.0.0/dist-types/RequestParameters.d.ts": "ae51643831c7e07d27a9276014dc1dd86ce1016fbf6e106b4c722f356d7cd23f",
    "https://esm.sh/v128/@octokit/types@11.0.0/dist-types/RequestRequestOptions.d.ts": "61de91a42778635c0c30f4f694328480c0cc30fead6856d2ac3193f37411ed65",
    "https://esm.sh/v128/@octokit/types@11.0.0/dist-types/ResponseHeaders.d.ts": "d51c97c7be9951d58cb068411a1bdc101b5e2c78639a2143c729d3dfdfd104b0",
    "https://esm.sh/v128/@octokit/types@11.0.0/dist-types/Route.d.ts": "5180a1a33602d0eb1ff18a8370eab0bc98f81060f4c64dcbbfab9d8db0075379",
    "https://esm.sh/v128/@octokit/types@11.0.0/dist-types/Signal.d.ts": "f96f8df3e47e27cab8159e91a4f35cab83ba8acc751731c64c23437f60a2bc83",
    "https://esm.sh/v128/@octokit/types@11.0.0/dist-types/StrategyInterface.d.ts": "612dea9beb0b66b52073a4b2d3fabf7d2c27b2073a08d756e328069c1abbd25c",
    "https://esm.sh/v128/@octokit/types@11.0.0/dist-types/Url.d.ts": "9ab0a0c34faa1a3dd97f2f3350be4ecf195d0e8a41b92e534f6d9c910557a2e6",
    "https://esm.sh/v128/@octokit/types@11.0.0/dist-types/VERSION.d.ts": "76cf416b2c7515395a27221554b3b18d11537c3c40a1de698540ec072f719215",
    "https://esm.sh/v128/@octokit/types@11.0.0/dist-types/generated/Endpoints.d.ts": "2bb0ec12f4e9e7f9597d61adf1761308a020241c3fa23e538dd708a8c7cfdb19",
    "https://esm.sh/v128/@octokit/types@11.0.0/dist-types/index.d.ts": "11b20e22a2ac28f91758c4615719da3200d65868c8c7fd2f83a0506dd03a95f2",
    "https://esm.sh/v128/@octokit/types@11.1.0/dist-types/AuthInterface.d.ts": "9eb142fc2495830bf947f9db646f49f34aa2099356880805fb9f5fcd0829be33",
    "https://esm.sh/v128/@octokit/types@11.1.0/dist-types/EndpointDefaults.d.ts": "66df96ddc6b7dccdbe0feef433a84faaf1381db8978c537e4c39b5ff5916d1c4",
    "https://esm.sh/v128/@octokit/types@11.1.0/dist-types/EndpointInterface.d.ts": "a05c26c15463a63c148a3da6b1b0aedb1e126181a8ef858303536bd454a1c02e",
    "https://esm.sh/v128/@octokit/types@11.1.0/dist-types/EndpointOptions.d.ts": "46a04d2a3382cbb7d6e69b157a0fc4a560d90ec897693774b2666a54d1d99327",
    "https://esm.sh/v128/@octokit/types@11.1.0/dist-types/Fetch.d.ts": "45d8db9ee4ddbc94861cf9192b30305ba7d72aea6a593961b17e7152c5916bd0",
    "https://esm.sh/v128/@octokit/types@11.1.0/dist-types/GetResponseTypeFromEndpointMethod.d.ts": "a4c07340daf98bb36410874a47a9c6f8de19fa54b015505f173bffb802fd110a",
    "https://esm.sh/v128/@octokit/types@11.1.0/dist-types/OctokitResponse.d.ts": "c41636156594d0150e7161757d63d64f13283ad966a4d5af5bab9dac557056ce",
    "https://esm.sh/v128/@octokit/types@11.1.0/dist-types/RequestError.d.ts": "b6f2a56a96124f9d919e98532b4d0299d1c0798881bc30da196845d4f0d9a374",
    "https://esm.sh/v128/@octokit/types@11.1.0/dist-types/RequestHeaders.d.ts": "5da94e87e7ddce31c028d6b1211c5c4e9b5b82e5a4b5caeb6cf7c5d071d6e0f3",
    "https://esm.sh/v128/@octokit/types@11.1.0/dist-types/RequestInterface.d.ts": "0689dc02768875ad7043fc36d8e4987385177dfe095f88938d1578d99843a32e",
    "https://esm.sh/v128/@octokit/types@11.1.0/dist-types/RequestMethod.d.ts": "1257ee54981d320653568ebc2bd84cf1ef6ccd42c6fb301a76b1faf87a54dbd5",
    "https://esm.sh/v128/@octokit/types@11.1.0/dist-types/RequestOptions.d.ts": "ebe98129b180b4ca2784fa7850a9470559cdcef43d53cf86c1c0b18695140d63",
    "https://esm.sh/v128/@octokit/types@11.1.0/dist-types/RequestParameters.d.ts": "ae51643831c7e07d27a9276014dc1dd86ce1016fbf6e106b4c722f356d7cd23f",
    "https://esm.sh/v128/@octokit/types@11.1.0/dist-types/RequestRequestOptions.d.ts": "62cf4455c04710ba34403d34345b947f6c8f813be80e4f38b524d7c642afefa6",
    "https://esm.sh/v128/@octokit/types@11.1.0/dist-types/ResponseHeaders.d.ts": "d51c97c7be9951d58cb068411a1bdc101b5e2c78639a2143c729d3dfdfd104b0",
    "https://esm.sh/v128/@octokit/types@11.1.0/dist-types/Route.d.ts": "5180a1a33602d0eb1ff18a8370eab0bc98f81060f4c64dcbbfab9d8db0075379",
    "https://esm.sh/v128/@octokit/types@11.1.0/dist-types/Signal.d.ts": "f96f8df3e47e27cab8159e91a4f35cab83ba8acc751731c64c23437f60a2bc83",
    "https://esm.sh/v128/@octokit/types@11.1.0/dist-types/StrategyInterface.d.ts": "612dea9beb0b66b52073a4b2d3fabf7d2c27b2073a08d756e328069c1abbd25c",
    "https://esm.sh/v128/@octokit/types@11.1.0/dist-types/Url.d.ts": "9ab0a0c34faa1a3dd97f2f3350be4ecf195d0e8a41b92e534f6d9c910557a2e6",
    "https://esm.sh/v128/@octokit/types@11.1.0/dist-types/VERSION.d.ts": "0e7abe2f63cbaa669920ce3589b52478e9fbe4e2b2170f03b785f241c1668673",
    "https://esm.sh/v128/@octokit/types@11.1.0/dist-types/generated/Endpoints.d.ts": "2bb0ec12f4e9e7f9597d61adf1761308a020241c3fa23e538dd708a8c7cfdb19",
    "https://esm.sh/v128/@octokit/types@11.1.0/dist-types/index.d.ts": "11b20e22a2ac28f91758c4615719da3200d65868c8c7fd2f83a0506dd03a95f2",
    "https://esm.sh/v128/@octokit/webhooks-methods@4.0.0/denonext/webhooks-methods.mjs": "b44d80a07e6e698c95a2fc2789e2caf10b4ff821300e947b2e79c449453a7a19",
    "https://esm.sh/v128/@octokit/webhooks-types@7.1.0/schema.d.ts": "e6fab9960d56edf006842e31c119a658490963899cf2ac5ef6674f446011d726",
    "https://esm.sh/v128/@octokit/webhooks@12.0.3/denonext/webhooks.mjs": "af53ad950f4429b0cdca4e2dc7d9b663a11cc176a0ac7c287d5bd5376ef71239",
    "https://esm.sh/v128/@octokit/webhooks@12.0.3/dist-types/createLogger.d.ts": "dfa525ed03c05ef3755fbd15f854a1829e1dd7f54c5cc8b33335920f9374e147",
    "https://esm.sh/v128/@octokit/webhooks@12.0.3/dist-types/event-handler/index.d.ts": "97643a6e6b527d79ea5ad776fa1c8e8ed41e097894d328a9d52ef2feaef14495",
    "https://esm.sh/v128/@octokit/webhooks@12.0.3/dist-types/generated/webhook-names.d.ts": "f9f89f421e8d71c3167440aa12f18b33da07f8cd63a1ef64fb7ba116b84ac9e3",
    "https://esm.sh/v128/@octokit/webhooks@12.0.3/dist-types/index.d.ts": "f4bdd543ebef7cd5ad7cfdd59d09ddfab732ac38d1f4d0715b5e6ba0a2750139",
    "https://esm.sh/v128/@octokit/webhooks@12.0.3/dist-types/middleware/node/index.d.ts": "92e194e9c8ab738cf1929019e998cebece1149fc6c8b3012dbbd58d6d492ae63",
    "https://esm.sh/v128/@octokit/webhooks@12.0.3/dist-types/middleware/node/types.d.ts": "ab01de72de23c895d5353801525f620146186c739e72c1079b57847f6ce980b3",
    "https://esm.sh/v128/@octokit/webhooks@12.0.3/dist-types/types.d.ts": "338a602cafb66efc7630507ebf9c59d39f0647dbce8b75db29d42a21fdb75be8",
    "https://esm.sh/v128/@types/aws-lambda@8.10.119/common/api-gateway.d.ts": "178e031da1bee8c7e17ab757a54a323cee2df905d5f773dd56bbed8fd961507e",
    "https://esm.sh/v128/@types/aws-lambda@8.10.119/common/cloudfront.d.ts": "429d2e0d28ec8be13ebc5e0b389f34e0622d435c88ec5efe408c4d82e17f37c9",
    "https://esm.sh/v128/@types/aws-lambda@8.10.119/handler.d.ts": "6d1675231de1aa366144f91852cddb2eb3cad8d9f2e7e48f4e5e0031e7046ddc",
    "https://esm.sh/v128/@types/aws-lambda@8.10.119/index.d.ts": "3b6b004743f631f2dd5f5bfa2a9fba02fe126f051e6fd55e6da9d66a11f5b04b",
    "https://esm.sh/v128/@types/aws-lambda@8.10.119/trigger/alb.d.ts": "ccdefa67426246fe8cdfb19561820adc7944d6b5ab6782397e82b0f735cbe457",
    "https://esm.sh/v128/@types/aws-lambda@8.10.119/trigger/amplify-resolver.d.ts": "253abe2ce0613056d69b5802af22d6d4ed1fdfb53c573e657034239d1079d926",
    "https://esm.sh/v128/@types/aws-lambda@8.10.119/trigger/api-gateway-authorizer.d.ts": "781bf24b868fad6a92c3c79b02fd4181d5eb7058af9f75adf66a958b8f9a67a9",
    "https://esm.sh/v128/@types/aws-lambda@8.10.119/trigger/api-gateway-proxy.d.ts": "a0bf28803ee4c735c067a80df1c9204f70374cb52a69346b488ed727b7d4c5da",
    "https://esm.sh/v128/@types/aws-lambda@8.10.119/trigger/appsync-resolver.d.ts": "9b6a1875baf80265cc8d062ee478623bfbf345cbc3420b5f8a45943e46be12ee",
    "https://esm.sh/v128/@types/aws-lambda@8.10.119/trigger/autoscaling.d.ts": "fbd1fbfa2c73809230182368a92565ceb6385e61c48082180e9678652078add8",
    "https://esm.sh/v128/@types/aws-lambda@8.10.119/trigger/cdk-custom-resource.d.ts": "69a19456a0045bc66d190687782b25e388a8e51f7f104de1b2976cba92ca45ae",
    "https://esm.sh/v128/@types/aws-lambda@8.10.119/trigger/cloudformation-custom-resource.d.ts": "a52ac097b3befb6d98d3370ea4f31e91b083f9da931722529b2cfd2b45eed278",
    "https://esm.sh/v128/@types/aws-lambda@8.10.119/trigger/cloudfront-request.d.ts": "4a9c518a6a5105ce3c2cbd0728c16f3489adf74f51e9931aecd98d2c7324706d",
    "https://esm.sh/v128/@types/aws-lambda@8.10.119/trigger/cloudfront-response.d.ts": "be51dc2c341784ebf415a8822e32dec7708b0cbdaa553ace6b149e92ebf0b3f7",
    "https://esm.sh/v128/@types/aws-lambda@8.10.119/trigger/cloudwatch-events.d.ts": "f9c0159d54c542ce13d5e554fc348897049fb1002dcf122e5dd4921e126e81b3",
    "https://esm.sh/v128/@types/aws-lambda@8.10.119/trigger/cloudwatch-logs.d.ts": "ca68f318727c98f23e8c206061b1001a93f28c1126966e1d96aeb56f810c3e43",
    "https://esm.sh/v128/@types/aws-lambda@8.10.119/trigger/codebuild-cloudwatch-state.d.ts": "8883397a5a0a9317e399dcf01a3af2c87ba52471e81357fe8f2a905b49d839cd",
    "https://esm.sh/v128/@types/aws-lambda@8.10.119/trigger/codecommit.d.ts": "e11299ec2e2a39a6295add25e9a1322876cfa7dda10bcea6204e7c75f0862e31",
    "https://esm.sh/v128/@types/aws-lambda@8.10.119/trigger/codepipeline-cloudwatch-action.d.ts": "bfe683e67dd3f239170cf8db2ea92be6d266070312b9cd15942bde4e5368b87c",
    "https://esm.sh/v128/@types/aws-lambda@8.10.119/trigger/codepipeline-cloudwatch-pipeline.d.ts": "164ab831cfffa9df3ebf7f969e81b32260789f36c90c376bfafdb2b13a0018f5",
    "https://esm.sh/v128/@types/aws-lambda@8.10.119/trigger/codepipeline-cloudwatch-stage.d.ts": "e3830f536aafaf5fa30bf2a4e33a54b3900fb62da664127acd9bccebc1b062b4",
    "https://esm.sh/v128/@types/aws-lambda@8.10.119/trigger/codepipeline-cloudwatch.d.ts": "58723d2c37bbbf818cd74e381921c15a31955c368fe5ca5b27a1f38fe067fcc7",
    "https://esm.sh/v128/@types/aws-lambda@8.10.119/trigger/codepipeline.d.ts": "00f0b09a64366d6bc8d6219539966a0791a066ecbb0136a4a7c7701aab8a22cf",
    "https://esm.sh/v128/@types/aws-lambda@8.10.119/trigger/cognito-user-pool-trigger/_common.d.ts": "29bf9befb632e18fe01b49ca298f1ce962025660bbff1ea51d771ad9ea499c47",
    "https://esm.sh/v128/@types/aws-lambda@8.10.119/trigger/cognito-user-pool-trigger/create-auth-challenge.d.ts": "0edbfb4fb417ea1d2062172084a67803965c616c97bea52a9d6506490c59f620",
    "https://esm.sh/v128/@types/aws-lambda@8.10.119/trigger/cognito-user-pool-trigger/custom-email-sender.d.ts": "b9e886f0b06b4f92bcfc9b66e6e67d6fe970e41149d5ccb9491df24f08abfff0",
    "https://esm.sh/v128/@types/aws-lambda@8.10.119/trigger/cognito-user-pool-trigger/custom-message.d.ts": "f5cc7ed982ee2c88a5e8cfc88bfde80655f1ab466a4b493a4b7bd83e672a8573",
    "https://esm.sh/v128/@types/aws-lambda@8.10.119/trigger/cognito-user-pool-trigger/custom-sms-sender.d.ts": "7b5b53b23d63d6440284818a8dfc73c4ae02bc146047d7cffb484f444828981c",
    "https://esm.sh/v128/@types/aws-lambda@8.10.119/trigger/cognito-user-pool-trigger/define-auth-challenge.d.ts": "ee741c7e0fea094063347e0a0a442824b6db54a6ddaed2817a16b6c5cadb0c1a",
    "https://esm.sh/v128/@types/aws-lambda@8.10.119/trigger/cognito-user-pool-trigger/index.d.ts": "d7b382c5c985716f7aa1c2a4fa3662b9678f3a6c6a2694fc332f0db31ee0743e",
    "https://esm.sh/v128/@types/aws-lambda@8.10.119/trigger/cognito-user-pool-trigger/post-authentication.d.ts": "5d0b639971578c4a8e7d88052b01c19dd854c8e45ee23687528a68360fba7686",
    "https://esm.sh/v128/@types/aws-lambda@8.10.119/trigger/cognito-user-pool-trigger/post-confirmation.d.ts": "4c3791ab4e44971638db5afb8211801bd02e06181517443997e319f29fb16c3f",
    "https://esm.sh/v128/@types/aws-lambda@8.10.119/trigger/cognito-user-pool-trigger/pre-authentication.d.ts": "6bac841343659d0d726dd407a96e2552dadfd18c180ded969f4412c9d0b46c75",
    "https://esm.sh/v128/@types/aws-lambda@8.10.119/trigger/cognito-user-pool-trigger/pre-signup.d.ts": "8de090b98fd94df734bc6de56489a19abd37ce6136c43f65d3ec20eb913c7691",
    "https://esm.sh/v128/@types/aws-lambda@8.10.119/trigger/cognito-user-pool-trigger/pre-token-generation.d.ts": "4b59d9dc0a22eda6df33dfb4a02f4359e546526581065b3be46c5f4bcc3a3e1e",
    "https://esm.sh/v128/@types/aws-lambda@8.10.119/trigger/cognito-user-pool-trigger/user-migration.d.ts": "066a2a344286045c22ced60e1164895b50e41c84c10d14e6b976485d6e96fcf1",
    "https://esm.sh/v128/@types/aws-lambda@8.10.119/trigger/cognito-user-pool-trigger/verify-auth-challenge-response.d.ts": "e7e0c37c049fa227b5db9be029efcf6f83456d148790cd236c45db343b460190",
    "https://esm.sh/v128/@types/aws-lambda@8.10.119/trigger/connect-contact-flow.d.ts": "fabc607984d57029fa71631c73e829e34926da336568a3f2ef39593284495c53",
    "https://esm.sh/v128/@types/aws-lambda@8.10.119/trigger/dynamodb-stream.d.ts": "46ced8065254f3e583c9bfabc0f7fb077e3e23adb456d3c2ad4ba1e5bad0d26d",
    "https://esm.sh/v128/@types/aws-lambda@8.10.119/trigger/eventbridge.d.ts": "ece12741697d46dcb9f03b34618705b701cb81bf6b7e68e8e83016707015eac6",
    "https://esm.sh/v128/@types/aws-lambda@8.10.119/trigger/iot.d.ts": "57415bcd49385bf8d9439502e8634d605cc75f5169adfbe4d6b2d82e32c670e7",
    "https://esm.sh/v128/@types/aws-lambda@8.10.119/trigger/kinesis-firehose-transformation.d.ts": "d31342a8fddfc61115ff0230b0ec29f0aeb04dd1087c29c9c94da0e507422367",
    "https://esm.sh/v128/@types/aws-lambda@8.10.119/trigger/kinesis-stream.d.ts": "838a7355f5daa55d9c69a9217aba2f42dc994e76d530a31a4831be882f9eb45b",
    "https://esm.sh/v128/@types/aws-lambda@8.10.119/trigger/lex-v2.d.ts": "bcca213cb98b3d82bb909f58cc9761abf794dc2f3bbe187b9b981fe06c3cb6d4",
    "https://esm.sh/v128/@types/aws-lambda@8.10.119/trigger/lex.d.ts": "f7ab0a25068845409849cb71f621a8f441e5063e1fffe487eb5c8f20d8712ade",
    "https://esm.sh/v128/@types/aws-lambda@8.10.119/trigger/msk.d.ts": "d17aab49a651562cf2c48a22f8f45e76fe694b999739df731b7e72f45a3eb278",
    "https://esm.sh/v128/@types/aws-lambda@8.10.119/trigger/s3-batch.d.ts": "f715da97caa6cdcc0b773b022360a55e2c3588ceb6647499ff7d89f8c1d526a9",
    "https://esm.sh/v128/@types/aws-lambda@8.10.119/trigger/s3-event-notification.d.ts": "a14f7b308d771fa4617a4480a992f442741fc5eb0e959b09020ce0e2e287279f",
    "https://esm.sh/v128/@types/aws-lambda@8.10.119/trigger/s3.d.ts": "15acdf9862685b8346129238bac5b4a33fcc3c18710d5314919b12b25174a7b2",
    "https://esm.sh/v128/@types/aws-lambda@8.10.119/trigger/secretsmanager.d.ts": "35841d8ebc1f455c8d1cd538d6de551970f10e0c566de7b16bd68ced7014fe0b",
    "https://esm.sh/v128/@types/aws-lambda@8.10.119/trigger/self-managed-kafka.d.ts": "6d18b0f79eba90e3e02ca86de024fe16161c4d44a741c5e6e7a018e97f699f4e",
    "https://esm.sh/v128/@types/aws-lambda@8.10.119/trigger/ses.d.ts": "56c96765ae6e55055679179f03605796c163386f63445134e26ffbd1b87f8512",
    "https://esm.sh/v128/@types/aws-lambda@8.10.119/trigger/sns.d.ts": "9b2901460b1a4f4df33cad7ce1e8e0474258dca97d4ef08d8dad958b317ef81b",
    "https://esm.sh/v128/@types/aws-lambda@8.10.119/trigger/sqs.d.ts": "cabb4cf773f39e0d312caba50b16f0c2a09846df05d2d13ce667ed81239012eb",
    "https://esm.sh/v128/aggregate-error@3.1.0/denonext/aggregate-error.mjs": "7cf8c3d5782918caff0f084bfa05a5c7ee7713a7691c440b127cf8d9f0ffc866",
    "https://esm.sh/v128/before-after-hook@2.2.3/denonext/before-after-hook.mjs": "f4262d059d899d7fcaa8d903bcf352df38ac1c040bb45273d79de200ffdad267",
    "https://esm.sh/v128/before-after-hook@2.2.3/index.d.ts": "0726d18ac9cb69b989c60a9804b7b0f628b5bc95e5e8878a4cc5f5e7dad6ee65",
    "https://esm.sh/v128/bottleneck@2.19.5/denonext/light.js": "8cc5b834a5a0fcb99734dee503a44add2de281a20e756163a32594c4467f92f5",
    "https://esm.sh/v128/btoa-lite@1.0.0/denonext/btoa-lite.mjs": "5f8ecdf77c8824225e30cf84b62ded0fa667ef51fe1a8b772b1ddf46410bf78f",
    "https://esm.sh/v128/clean-stack@2.2.0/denonext/clean-stack.mjs": "8a2732fd195c0663d9f8a3957932215f3d4cb45dbe2f4747c9f39a966a4f067b",
    "https://esm.sh/v128/deprecation@2.3.1/denonext/deprecation.mjs": "0bf7139d1068345709e59dddb4daea315691d290a8c896a6e076dea02dd66eaf",
    "https://esm.sh/v128/indent-string@4.0.0/denonext/indent-string.mjs": "de4038b836a42fe2a7c453bd0b44cdae706a9560bbef99b1857c13f9d55ace14",
    "https://esm.sh/v128/is-plain-object@5.0.0/denonext/is-plain-object.mjs": "6d9568ddc8b90de99a46c63e14984810280b6b021dc4e478803b3c240811985f",
    "https://esm.sh/v128/lru-cache@10.0.0/denonext/lru-cache.mjs": "07c4092705d4cd15c57cd7c04de101373d67c2b2440ff668644e73fa46e443a1",
    "https://esm.sh/v128/octokit@3.0.0/denonext/octokit.mjs": "6dde0c756364604002a722d806fc93d4a2be2e994285a97be58c6a585f5c5988",
    "https://esm.sh/v128/octokit@3.0.0/dist-types/app.d.ts": "46a135e1080271daae2d6eb1962142773105eab0498984b27f54768ec879b9b7",
    "https://esm.sh/v128/octokit@3.0.0/dist-types/index.d.ts": "92de84fb19c033f5ed488c29b740d2ffdebce81fd79d5fb9b536d30511ae74cb",
    "https://esm.sh/v128/octokit@3.0.0/dist-types/octokit.d.ts": "4ee95b98129df5bf708f8c7f337aafcd9cfdfbe5d58f8a5432e35e0ab137f869",
    "https://esm.sh/v128/once@1.4.0/denonext/once.mjs": "9cd74924048c47fdfaf944650e4cef59f2336753823e0da8a9daa842bc259952",
    "https://esm.sh/v128/universal-github-app-jwt@1.1.1/denonext/universal-github-app-jwt.mjs": "546280ef9d50e167172bc039c0c2f4348a728ae1732f467af726b08491d2ea18",
    "https://esm.sh/v128/universal-user-agent@6.0.0/denonext/universal-user-agent.mjs": "2969647abd054007e6d838dd2ecc7de9c513c18c43322dfa3de57eec8d2d6447",
    "https://esm.sh/v128/wrappy@1.0.2/denonext/wrappy.mjs": "3c31e4782e0307cf56b319fcec6110f925dafe6cb47a8fa23350d480f5fa8b06"
  }
}
